
Microsoft Visual Studio Solution File, Format Version 12.00
# Visual Studio Version 17
VisualStudioVersion = 17.7.34202.233
MinimumVisualStudioVersion = 10.0.40219.1
Project("{FAE04EC0-301F-11D3-BF4B-00C04F79EFBC}") = "APIEmpresas.Server", "Server\APIEmpresas.Server.csproj", "{BBA8EE9D-B5D6-4339-848B-A8EE219A384B}"
EndProject
Project("{FAE04EC0-301F-11D3-BF4B-00C04F79EFBC}") = "APIEmpresas.Client", "Client\APIEmpresas.Client.csproj", "{A12DE655-BA38-4C0E-BBA8-F5E1ADCD0696}"
EndProject
Project("{FAE04EC0-301F-11D3-BF4B-00C04F79EFBC}") = "APIEmpresas.Shared", "Shared\APIEmpresas.Shared.csproj", "{A84A6A08-098F-40DD-8303-27E510FD615C}"
EndProject
Global
	GlobalSection(SolutionConfigurationPlatforms) = preSolution
		Debug|Any CPU = Debug|Any CPU
		Release|Any CPU = Release|Any CPU
	EndGlobalSection
	GlobalSection(ProjectConfigurationPlatforms) = postSolution
		{BBA8EE9D-B5D6-4339-848B-A8EE219A384B}.Debug|Any CPU.ActiveCfg = Debug|Any CPU
		{BBA8EE9D-B5D6-4339-848B-A8EE219A384B}.Debug|Any CPU.Build.0 = Debug|Any CPU
		{BBA8EE9D-B5D6-4339-848B-A8EE219A384B}.Release|Any CPU.ActiveCfg = Release|Any CPU
		{BBA8EE9D-B5D6-4339-848B-A8EE219A384B}.Release|Any CPU.Build.0 = Release|Any CPU
		{A12DE655-BA38-4C0E-BBA8-F5E1ADCD0696}.Debug|Any CPU.ActiveCfg = Debug|Any CPU
		{A12DE655-BA38-4C0E-BBA8-F5E1ADCD0696}.Debug|Any CPU.Build.0 = Debug|Any CPU
		{A12DE655-BA38-4C0E-BBA8-F5E1ADCD0696}.Release|Any CPU.ActiveCfg = Release|Any CPU
		{A12DE655-BA38-4C0E-BBA8-F5E1ADCD0696}.Release|Any CPU.Build.0 = Release|Any CPU
		{A84A6A08-098F-40DD-8303-27E510FD615C}.Debug|Any CPU.ActiveCfg = Debug|Any CPU
		{A84A6A08-098F-40DD-8303-27E510FD615C}.Debug|Any CPU.Build.0 = Debug|Any CPU
		{A84A6A08-098F-40DD-8303-27E510FD615C}.Release|Any CPU.ActiveCfg = Release|Any CPU
		{A84A6A08-098F-40DD-8303-27E510FD615C}.Release|Any CPU.Build.0 = Release|Any CPU
	EndGlobalSection
	GlobalSection(SolutionProperties) = preSolution
		HideSolutionNode = FALSE
	EndGlobalSection
	GlobalSection(ExtensibilityGlobals) = postSolution
		SolutionGuid = {D3B6F660-9D28-4F67-BE05-39E043ED94C3}
	EndGlobalSection
EndGlobal
